
Microsoft Visual Studio Solution File, Format Version 12.00
# Visual Studio Version 17
VisualStudioVersion = 17.7.34018.315
MinimumVisualStudioVersion = 10.0.40219.1
Project("{F184B08F-C81C-45F6-A57F-5ABD9991F28F}") = "FORM", "Registro\FORM.vbproj", "{F7F3A98A-F8C5-4558-A27C-F22CD3CDCD8D}"
EndProject
Global
	GlobalSection(SolutionConfigurationPlatforms) = preSolution
		Debug|Any CPU = Debug|Any CPU
		Release|Any CPU = Release|Any CPU
	EndGlobalSection
	GlobalSection(ProjectConfigurationPlatforms) = postSolution
		{F7F3A98A-F8C5-4558-A27C-F22CD3CDCD8D}.Debug|Any CPU.ActiveCfg = Debug|Any CPU
		{F7F3A98A-F8C5-4558-A27C-F22CD3CDCD8D}.Debug|Any CPU.Build.0 = Debug|Any CPU
		{F7F3A98A-F8C5-4558-A27C-F22CD3CDCD8D}.Release|Any CPU.ActiveCfg = Release|Any CPU
		{F7F3A98A-F8C5-4558-A27C-F22CD3CDCD8D}.Release|Any CPU.Build.0 = Release|Any CPU
	EndGlobalSection
	GlobalSection(SolutionProperties) = preSolution
		HideSolutionNode = FALSE
	EndGlobalSection
	GlobalSection(ExtensibilityGlobals) = postSolution
		SolutionGuid = {AC70D9AF-2490-499C-B5C1-A4FB76FE4E7F}
	EndGlobalSection
EndGlobal
